
Microsoft Visual Studio Solution File, Format Version 12.00
# Visual Studio Version 17
VisualStudioVersion = 17.0.32112.339
MinimumVisualStudioVersion = 10.0.40219.1
Project("{FAE04EC0-301F-11D3-BF4B-00C04F79EFBC}") = "VaccinationManagement", "VaccinationManagement\VaccinationManagement.csproj", "{15B24985-C5BE-4A7F-856E-22F38699C9EA}"
EndProject
Global
	GlobalSection(SolutionConfigurationPlatforms) = preSolution
		Debug|Any CPU = Debug|Any CPU
		Release|Any CPU = Release|Any CPU
	EndGlobalSection
	GlobalSection(ProjectConfigurationPlatforms) = postSolution
		{15B24985-C5BE-4A7F-856E-22F38699C9EA}.Debug|Any CPU.ActiveCfg = Debug|Any CPU
		{15B24985-C5BE-4A7F-856E-22F38699C9EA}.Debug|Any CPU.Build.0 = Debug|Any CPU
		{15B24985-C5BE-4A7F-856E-22F38699C9EA}.Release|Any CPU.ActiveCfg = Release|Any CPU
		{15B24985-C5BE-4A7F-856E-22F38699C9EA}.Release|Any CPU.Build.0 = Release|Any CPU
	EndGlobalSection
	GlobalSection(SolutionProperties) = preSolution
		HideSolutionNode = FALSE
	EndGlobalSection
	GlobalSection(ExtensibilityGlobals) = postSolution
		SolutionGuid = {04FDBCEA-86C0-4C10-AA3F-018BFC3B2732}
	EndGlobalSection
EndGlobal
